// !$*UTF8*$!
{
	archiveVersion = 1;
	classes = {
	};
	objectVersion = 50;
	objects = {

/* Begin PBXBuildFile section */
		630CD697230DEB080006F6B8 /* Countdown.swift in Sources */ = {isa = PBXBuildFile; fileRef = 630CD696230DEB080006F6B8 /* Countdown.swift */; };
		637CBFF422E8EB4A00E0BE0D /* AppDelegate.swift in Sources */ = {isa = PBXBuildFile; fileRef = 637CBFF322E8EB4A00E0BE0D /* AppDelegate.swift */; };
		637CBFF922E8EB4A00E0BE0D /* Main.storyboard in Resources */ = {isa = PBXBuildFile; fileRef = 637CBFF722E8EB4A00E0BE0D /* Main.storyboard */; };
		637CBFFB22E8EB4A00E0BE0D /* Assets.xcassets in Resources */ = {isa = PBXBuildFile; fileRef = 637CBFFA22E8EB4A00E0BE0D /* Assets.xcassets */; };
		637CBFFE22E8EB4A00E0BE0D /* LaunchScreen.storyboard in Resources */ = {isa = PBXBuildFile; fileRef = 637CBFFC22E8EB4A00E0BE0D /* LaunchScreen.storyboard */; };
		637CC00B22E8FD1200E0BE0D /* TimeCircuitsViewController.swift in Sources */ = {isa = PBXBuildFile; fileRef = 637CC00A22E8FD1200E0BE0D /* TimeCircuitsViewController.swift */; };
		637CC00F22E90A6C00E0BE0D /* DatePickerViewController.swift in Sources */ = {isa = PBXBuildFile; fileRef = 637CC00E22E90A6C00E0BE0D /* DatePickerViewController.swift */; };
/* End PBXBuildFile section */

/* Begin PBXFileReference section */
		630CD696230DEB080006F6B8 /* Countdown.swift */ = {isa = PBXFileReference; lastKnownFileType = sourcecode.swift; path = Countdown.swift; sourceTree = "<group>"; };
		637CBFF022E8EB4A00E0BE0D /* Outta Time App.app */ = {isa = PBXFileReference; explicitFileType = wrapper.application; includeInIndex = 0; path = "Outta Time App.app"; sourceTree = BUILT_PRODUCTS_DIR; };
		637CBFF322E8EB4A00E0BE0D /* AppDelegate.swift */ = {isa = PBXFileReference; lastKnownFileType = sourcecode.swift; path = AppDelegate.swift; sourceTree = "<group>"; };
		637CBFF822E8EB4A00E0BE0D /* Base */ = {isa = PBXFileReference; lastKnownFileType = file.storyboard; name = Base; path = Base.lproj/Main.storyboard; sourceTree = "<group>"; };
		637CBFFA22E8EB4A00E0BE0D /* Assets.xcassets */ = {isa = PBXFileReference; lastKnownFileType = folder.assetcatalog; path = Assets.xcassets; sourceTree = "<group>"; };
		637CBFFD22E8EB4A00E0BE0D /* Base */ = {isa = PBXFileReference; lastKnownFileType = file.storyboard; name = Base; path = Base.lproj/LaunchScreen.storyboard; sourceTree = "<group>"; };
		637CBFFF22E8EB4A00E0BE0D /* Info.plist */ = {isa = PBXFileReference; lastKnownFileType = text.plist.xml; path = Info.plist; sourceTree = "<group>"; };
		637CC00522E8EE4500E0BE0D /* digital-7.ttf */ = {isa = PBXFileReference; lastKnownFileType = file; name = "digital-7.ttf"; path = "../../digital-7.ttf"; sourceTree = "<group>"; };
		637CC00A22E8FD1200E0BE0D /* TimeCircuitsViewController.swift */ = {isa = PBXFileReference; lastKnownFileType = sourcecode.swift; path = TimeCircuitsViewController.swift; sourceTree = "<group>"; };
		637CC00E22E90A6C00E0BE0D /* DatePickerViewController.swift */ = {isa = PBXFileReference; lastKnownFileType = sourcecode.swift; path = DatePickerViewController.swift; sourceTree = "<group>"; };
/* End PBXFileReference section */

/* Begin PBXFrameworksBuildPhase section */
		637CBFED22E8EB4A00E0BE0D /* Frameworks */ = {
			isa = PBXFrameworksBuildPhase;
			buildActionMask = 2147483647;
			files = (
			);
			runOnlyForDeploymentPostprocessing = 0;
		};
/* End PBXFrameworksBuildPhase section */

/* Begin PBXGroup section */
		637CBFE722E8EB4A00E0BE0D = {
			isa = PBXGroup;
			children = (
				637CBFF222E8EB4A00E0BE0D /* Outta Time App */,
				637CBFF122E8EB4A00E0BE0D /* Products */,
			);
			sourceTree = "<group>";
		};
		637CBFF122E8EB4A00E0BE0D /* Products */ = {
			isa = PBXGroup;
			children = (
				637CBFF022E8EB4A00E0BE0D /* Outta Time App.app */,
			);
			name = Products;
			sourceTree = "<group>";
		};
		637CBFF222E8EB4A00E0BE0D /* Outta Time App */ = {
			isa = PBXGroup;
			children = (
				637CBFF322E8EB4A00E0BE0D /* AppDelegate.swift */,
				637CC00A22E8FD1200E0BE0D /* TimeCircuitsViewController.swift */,
				637CC00E22E90A6C00E0BE0D /* DatePickerViewController.swift */,
				630CD696230DEB080006F6B8 /* Countdown.swift */,
				637CBFFA22E8EB4A00E0BE0D /* Assets.xcassets */,
				637CC00522E8EE4500E0BE0D /* digital-7.ttf */,
				637CBFF722E8EB4A00E0BE0D /* Main.storyboard */,
				637CBFFC22E8EB4A00E0BE0D /* LaunchScreen.storyboard */,
				637CBFFF22E8EB4A00E0BE0D /* Info.plist */,
			);
			path = "Outta Time App";
			sourceTree = "<group>";
		};
/* End PBXGroup section */

/* Begin PBXNativeTarget section */
		637CBFEF22E8EB4A00E0BE0D /* Outta Time App */ = {
			isa = PBXNativeTarget;
			buildConfigurationList = 637CC00222E8EB4A00E0BE0D /* Build configuration list for PBXNativeTarget "Outta Time App" */;
			buildPhases = (
				637CBFEC22E8EB4A00E0BE0D /* Sources */,
				637CBFED22E8EB4A00E0BE0D /* Frameworks */,
				637CBFEE22E8EB4A00E0BE0D /* Resources */,
			);
			buildRules = (
			);
			dependencies = (
			);
			name = "Outta Time App";
			productName = "Outta Time App";
			productReference = 637CBFF022E8EB4A00E0BE0D /* Outta Time App.app */;
			productType = "com.apple.product-type.application";
		};
/* End PBXNativeTarget section */

/* Begin PBXProject section */
		637CBFE822E8EB4A00E0BE0D /* Project object */ = {
			isa = PBXProject;
			attributes = {
				LastSwiftUpdateCheck = 1020;
				LastUpgradeCheck = 1020;
				ORGANIZATIONNAME = "Walcenberg, Inc";
				TargetAttributes = {
					637CBFEF22E8EB4A00E0BE0D = {
						CreatedOnToolsVersion = 10.2.1;
					};
				};
			};
			buildConfigurationList = 637CBFEB22E8EB4A00E0BE0D /* Build configuration list for PBXProject "Outta Time App" */;
			compatibilityVersion = "Xcode 9.3";
			developmentRegion = en;
			hasScannedForEncodings = 0;
			knownRegions = (
				en,
				Base,
			);
			mainGroup = 637CBFE722E8EB4A00E0BE0D;
			productRefGroup = 637CBFF122E8EB4A00E0BE0D /* Products */;
			projectDirPath = "";
			projectRoot = "";
			targets = (
				637CBFEF22E8EB4A00E0BE0D /* Outta Time App */,
			);
		};
/* End PBXProject section */

/* Begin PBXResourcesBuildPhase section */
		637CBFEE22E8EB4A00E0BE0D /* Resources */ = {
			isa = PBXResourcesBuildPhase;
			buildActionMask = 2147483647;
			files = (
				637CBFFE22E8EB4A00E0BE0D /* LaunchScreen.storyboard in Resources */,
				637CBFFB22E8EB4A00E0BE0D /* Assets.xcassets in Resources */,
				637CBFF922E8EB4A00E0BE0D /* Main.storyboard in Resources */,
			);
			runOnlyForDeploymentPostprocessing = 0;
		};
/* End PBXResourcesBuildPhase section */

/* Begin PBXSourcesBuildPhase section */
		637CBFEC22E8EB4A00E0BE0D /* Sources */ = {
			isa = PBXSourcesBuildPhase;
			buildActionMask = 2147483647;
			files = (
				637CC00F22E90A6C00E0BE0D /* DatePickerViewController.swift in Sources */,
				637CC00B22E8FD1200E0BE0D /* TimeCircuitsViewController.swift in Sources */,
				637CBFF422E8EB4A00E0BE0D /* AppDelegate.swift in Sources */,
				630CD697230DEB080006F6B8 /* Countdown.swift in Sources */,
			);
			runOnlyForDeploymentPostprocessing = 0;
		};
/* End PBXSourcesBuildPhase section */

/* Begin PBXVariantGroup section */
		637CBFF722E8EB4A00E0BE0D /* Main.storyboard */ = {
			isa = PBXVariantGroup;
			children = (
				637CBFF822E8EB4A00E0BE0D /* Base */,
			);
			name = Main.storyboard;
			sourceTree = "<group>";
		};
		637CBFFC22E8EB4A00E0BE0D /* LaunchScreen.storyboard */ = {
			isa = PBXVariantGroup;
			children = (
				637CBFFD22E8EB4A00E0BE0D /* Base */,
			);
			name = LaunchScreen.storyboard;
			sourceTree = "<group>";
		};
/* End PBXVariantGroup section */

/* Begin XCBuildConfiguration section */
		637CC00022E8EB4A00E0BE0D /* Debug */ = {
			isa = XCBuildConfiguration;
			buildSettings = {
				ALWAYS_SEARCH_USER_PATHS = NO;
				CLANG_ANALYZER_NONNULL = YES;
				CLANG_ANALYZER_NUMBER_OBJECT_CONVERSION = YES_AGGRESSIVE;
				CLANG_CXX_LANGUAGE_STANDARD = "gnu++14";
				CLANG_CXX_LIBRARY = "libc++";
				CLANG_ENABLE_MODULES = YES;
				CLANG_ENABLE_OBJC_ARC = YES;
				CLANG_ENABLE_OBJC_WEAK = YES;
				CLANG_WARN_BLOCK_CAPTURE_AUTORELEASING = YES;
				CLANG_WARN_BOOL_CONVERSION = YES;
				CLANG_WARN_COMMA = YES;
				CLANG_WARN_CONSTANT_CONVERSION = YES;
				CLANG_WARN_DEPRECATED_OBJC_IMPLEMENTATIONS = YES;
				CLANG_WARN_DIRECT_OBJC_ISA_USAGE = YES_ERROR;
				CLANG_WARN_DOCUMENTATION_COMMENTS = YES;
				CLANG_WARN_EMPTY_BODY = YES;
				CLANG_WARN_ENUM_CONVERSION = YES;
				CLANG_WARN_INFINITE_RECURSION = YES;
				CLANG_WARN_INT_CONVERSION = YES;
				CLANG_WARN_NON_LITERAL_NULL_CONVERSION = YES;
				CLANG_WARN_OBJC_IMPLICIT_RETAIN_SELF = YES;
				CLANG_WARN_OBJC_LITERAL_CONVERSION = YES;
				CLANG_WARN_OBJC_ROOT_CLASS = YES_ERROR;
				CLANG_WARN_RANGE_LOOP_ANALYSIS = YES;
				CLANG_WARN_STRICT_PROTOTYPES = YES;
				CLANG_WARN_SUSPICIOUS_MOVE = YES;
				CLANG_WARN_UNGUARDED_AVAILABILITY = YES_AGGRESSIVE;
				CLANG_WARN_UNREACHABLE_CODE = YES;
				CLANG_WARN__DUPLICATE_METHOD_MATCH = YES;
				CODE_SIGN_IDENTITY = "iPhone Developer";
				COPY_PHASE_STRIP = NO;
				DEBUG_INFORMATION_FORMAT = dwarf;
				ENABLE_STRICT_OBJC_MSGSEND = YES;
				ENABLE_TESTABILITY = YES;
				GCC_C_LANGUAGE_STANDARD = gnu11;
				GCC_DYNAMIC_NO_PIC = NO;
				GCC_NO_COMMON_BLOCKS = YES;
				GCC_OPTIMIZATION_LEVEL = 0;
				GCC_PREPROCESSOR_DEFINITIONS = (
					"DEBUG=1",
					"$(inherited)",
				);
				GCC_WARN_64_TO_32_BIT_CONVERSION = YES;
				GCC_WARN_ABOUT_RETURN_TYPE = YES_ERROR;
				GCC_WARN_UNDECLARED_SELECTOR = YES;
				GCC_WARN_UNINITIALIZED_AUTOS = YES_AGGRESSIVE;
				GCC_WARN_UNUSED_FUNCTION = YES;
				GCC_WARN_UNUSED_VARIABLE = YES;
				IPHONEOS_DEPLOYMENT_TARGET = 12.2;
				MTL_ENABLE_DEBUG_INFO = INCLUDE_SOURCE;
				MTL_FAST_MATH = YES;
				ONLY_ACTIVE_ARCH = YES;
				SDKROOT = iphoneos;
				SWIFT_ACTIVE_COMPILATION_CONDITIONS = DEBUG;
				SWIFT_OPTIMIZATION_LEVEL = "-Onone";
			};
			name = Debug;
		};
		637CC00122E8EB4A00E0BE0D /* Release */ = {
			isa = XCBuildConfiguration;
			buildSettings = {
				ALWAYS_SEARCH_USER_PATHS = NO;
				CLANG_ANALYZER_NONNULL = YES;
				CLANG_ANALYZER_NUMBER_OBJECT_CONVERSION = YES_AGGRESSIVE;
				CLANG_CXX_LANGUAGE_STANDARD = "gnu++14";
				CLANG_CXX_LIBRARY = "libc++";
				CLANG_ENABLE_MODULES = YES;
				CLANG_ENABLE_OBJC_ARC = YES;
				CLANG_ENABLE_OBJC_WEAK = YES;
				CLANG_WARN_BLOCK_CAPTURE_AUTORELEASING = YES;
				CLANG_WARN_BOOL_CONVERSION = YES;
				CLANG_WARN_COMMA = YES;
				CLANG_WARN_CONSTANT_CONVERSION = YES;
				CLANG_WARN_DEPRECATED_OBJC_IMPLEMENTATIONS = YES;
				CLANG_WARN_DIRECT_OBJC_ISA_USAGE = YES_ERROR;
				CLANG_WARN_DOCUMENTATION_COMMENTS = YES;
				CLANG_WARN_EMPTY_BODY = YES;
				CLANG_WARN_ENUM_CONVERSION = YES;
				CLANG_WARN_INFINITE_RECURSION = YES;
				CLANG_WARN_INT_CONVERSION = YES;
				CLANG_WARN_NON_LITERAL_NULL_CONVERSION = YES;
				CLANG_WARN_OBJC_IMPLICIT_RETAIN_SELF = YES;
				CLANG_WARN_OBJC_LITERAL_CONVERSION = YES;
				CLANG_WARN_OBJC_ROOT_CLASS = YES_ERROR;
				CLANG_WARN_RANGE_LOOP_ANALYSIS = YES;
				CLANG_WARN_STRICT_PROTOTYPES = YES;
				CLANG_WARN_SUSPICIOUS_MOVE = YES;
				CLANG_WARN_UNGUARDED_AVAILABILITY = YES_AGGRESSIVE;
				CLANG_WARN_UNREACHABLE_CODE = YES;
				CLANG_WARN__DUPLICATE_METHOD_MATCH = YES;
				CODE_SIGN_IDENTITY = "iPhone Developer";
				COPY_PHASE_STRIP = NO;
				DEBUG_INFORMATION_FORMAT = "dwarf-with-dsym";
				ENABLE_NS_ASSERTIONS = NO;
				ENABLE_STRICT_OBJC_MSGSEND = YES;
				GCC_C_LANGUAGE_STANDARD = gnu11;
				GCC_NO_COMMON_BLOCKS = YES;
				GCC_WARN_64_TO_32_BIT_CONVERSION = YES;
				GCC_WARN_ABOUT_RETURN_TYPE = YES_ERROR;
				GCC_WARN_UNDECLARED_SELECTOR = YES;
				GCC_WARN_UNINITIALIZED_AUTOS = YES_AGGRESSIVE;
				GCC_WARN_UNUSED_FUNCTION = YES;
				GCC_WARN_UNUSED_VARIABLE = YES;
				IPHONEOS_DEPLOYMENT_TARGET = 12.2;
				MTL_ENABLE_DEBUG_INFO = NO;
				MTL_FAST_MATH = YES;
				SDKROOT = iphoneos;
				SWIFT_COMPILATION_MODE = wholemodule;
				SWIFT_OPTIMIZATION_LEVEL = "-O";
				VALIDATE_PRODUCT = YES;
			};
			name = Release;
		};
		637CC00322E8EB4A00E0BE0D /* Debug */ = {
			isa = XCBuildConfiguration;
			buildSettings = {
				ASSETCATALOG_COMPILER_APPICON_NAME = AppIcon;
				CODE_SIGN_STYLE = Automatic;
				DEVELOPMENT_TEAM = NC7JL59XM8;
				INFOPLIST_FILE = "Outta Time App/Info.plist";
				LD_RUNPATH_SEARCH_PATHS = (
					"$(inherited)",
					"@executable_path/Frameworks",
				);
				PRODUCT_BUNDLE_IDENTIFIER = "com.walcenberg.rainbow.Outta-Time-App";
				PRODUCT_NAME = "$(TARGET_NAME)";
				SWIFT_VERSION = 5.0;
				TARGETED_DEVICE_FAMILY = "1,2";
			};
			name = Debug;
		};
		637CC00422E8EB4A00E0BE0D /* Release */ = {
			isa = XCBuildConfiguration;
			buildSettings = {
				ASSETCATALOG_COMPILER_APPICON_NAME = AppIcon;
				CODE_SIGN_STYLE = Automatic;
				DEVELOPMENT_TEAM = NC7JL59XM8;
				INFOPLIST_FILE = "Outta Time App/Info.plist";
				LD_RUNPATH_SEARCH_PATHS = (
					"$(inherited)",
					"@executable_path/Frameworks",
				);
				PRODUCT_BUNDLE_IDENTIFIER = "com.walcenberg.rainbow.Outta-Time-App";
				PRODUCT_NAME = "$(TARGET_NAME)";
				SWIFT_VERSION = 5.0;
				TARGETED_DEVICE_FAMILY = "1,2";
			};
			name = Release;
		};
/* End XCBuildConfiguration section */

/* Begin XCConfigurationList section */
		637CBFEB22E8EB4A00E0BE0D /* Build configuration list for PBXProject "Outta Time App" */ = {
			isa = XCConfigurationList;
			buildConfigurations = (
				637CC00022E8EB4A00E0BE0D /* Debug */,
				637CC00122E8EB4A00E0BE0D /* Release */,
			);
			defaultConfigurationIsVisible = 0;
			defaultConfigurationName = Release;
		};
		637CC00222E8EB4A00E0BE0D /* Build configuration list for PBXNativeTarget "Outta Time App" */ = {
			isa = XCConfigurationList;
			buildConfigurations = (
				637CC00322E8EB4A00E0BE0D /* Debug */,
				637CC00422E8EB4A00E0BE0D /* Release */,
			);
			defaultConfigurationIsVisible = 0;
			defaultConfigurationName = Release;
		};
/* End XCConfigurationList section */
	};
	rootObject = 637CBFE822E8EB4A00E0BE0D /* Project object */;
}
